
Microsoft Visual Studio Solution File, Format Version 12.00
# Visual Studio Version 17
VisualStudioVersion = 17.5.33516.290
MinimumVisualStudioVersion = 10.0.40219.1
Project("{FAE04EC0-301F-11D3-BF4B-00C04F79EFBC}") = "F2B-SRV", "F2B-SRV.csproj", "{92EB9BB8-BBAA-4DC1-88FA-97CC7F71640E}"
EndProject
Project("{FAE04EC0-301F-11D3-BF4B-00C04F79EFBC}") = "F2B-CLI", "F2B-CLI\F2B-CLI.csproj", "{07BB9029-91EB-4A52-975E-A9EBD78FD27E}"
EndProject
Project("{FAE04EC0-301F-11D3-BF4B-00C04F79EFBC}") = "Test", "F2B-Test\Test.csproj", "{BED16A5F-DFF4-4A57-9591-158F490BD07F}"
EndProject
Project("{FAE04EC0-301F-11D3-BF4B-00C04F79EFBC}") = "F2B-Installer", "F2B-Installer\F2B-Installer.csproj", "{FB03900F-D1F8-4506-8D56-EF567B190502}"
EndProject
Global
	GlobalSection(SolutionConfigurationPlatforms) = preSolution
		Debug|Any CPU = Debug|Any CPU
		Release|Any CPU = Release|Any CPU
	EndGlobalSection
	GlobalSection(ProjectConfigurationPlatforms) = postSolution
		{92EB9BB8-BBAA-4DC1-88FA-97CC7F71640E}.Debug|Any CPU.ActiveCfg = Debug|Any CPU
		{92EB9BB8-BBAA-4DC1-88FA-97CC7F71640E}.Debug|Any CPU.Build.0 = Debug|Any CPU
		{92EB9BB8-BBAA-4DC1-88FA-97CC7F71640E}.Release|Any CPU.ActiveCfg = Release|Any CPU
		{92EB9BB8-BBAA-4DC1-88FA-97CC7F71640E}.Release|Any CPU.Build.0 = Release|Any CPU
		{07BB9029-91EB-4A52-975E-A9EBD78FD27E}.Debug|Any CPU.ActiveCfg = Debug|Any CPU
		{07BB9029-91EB-4A52-975E-A9EBD78FD27E}.Debug|Any CPU.Build.0 = Debug|Any CPU
		{07BB9029-91EB-4A52-975E-A9EBD78FD27E}.Release|Any CPU.ActiveCfg = Release|Any CPU
		{07BB9029-91EB-4A52-975E-A9EBD78FD27E}.Release|Any CPU.Build.0 = Release|Any CPU
		{BED16A5F-DFF4-4A57-9591-158F490BD07F}.Debug|Any CPU.ActiveCfg = Debug|Any CPU
		{BED16A5F-DFF4-4A57-9591-158F490BD07F}.Debug|Any CPU.Build.0 = Debug|Any CPU
		{BED16A5F-DFF4-4A57-9591-158F490BD07F}.Release|Any CPU.ActiveCfg = Release|Any CPU
		{BED16A5F-DFF4-4A57-9591-158F490BD07F}.Release|Any CPU.Build.0 = Release|Any CPU
		{FB03900F-D1F8-4506-8D56-EF567B190502}.Debug|Any CPU.ActiveCfg = Debug|Any CPU
		{FB03900F-D1F8-4506-8D56-EF567B190502}.Debug|Any CPU.Build.0 = Debug|Any CPU
		{FB03900F-D1F8-4506-8D56-EF567B190502}.Release|Any CPU.ActiveCfg = Release|Any CPU
		{FB03900F-D1F8-4506-8D56-EF567B190502}.Release|Any CPU.Build.0 = Release|Any CPU
	EndGlobalSection
	GlobalSection(SolutionProperties) = preSolution
		HideSolutionNode = FALSE
	EndGlobalSection
	GlobalSection(ExtensibilityGlobals) = postSolution
		SolutionGuid = {FF0AAE85-0D57-4479-8FCE-25FAB5801CBA}
	EndGlobalSection
EndGlobal
